easy_admin:
    entities:
        Block:
            class: 'KRG\CmsBundle\Entity\BlockInterface'
            list:
                fields:
                    - 'thumbnail'
                    - 'name'
                    - 'key'
                    - 'enabled'
            form:
                fields:
                    - { type: 'group', label: 'Configuration' }
                    - { property: 'thumbnail', type: 'KRG\CmsBundle\Form\Type\Base64FileType' }
                    - 'name'
                    - { property: 'key', type_options: { required: false }, help: 'unique_key' }
                    - { type: 'group', label: 'Content' }
                    -
                        property: 'content'
                        type: 'KRG\IntlBundle\Form\Type\TranslationType'
                        type_options:
                            entry_type: 'KRG\CmsBundle\Form\Type\HtmlType'
                            label: false
                            entry_options:
                                height: 300
                    - { type: 'group', label: 'Status' }
                    - 'enabled'
